
Microsoft Visual Studio Solution File, Format Version 12.00
# Visual Studio Version 16
VisualStudioVersion = 16.0.33328.57
MinimumVisualStudioVersion = 10.0.40219.1
Project("{FAE04EC0-301F-11D3-BF4B-00C04F79EFBC}") = "xeno rat server", "xeno rat server.csproj", "{06B2B14A-CE87-41C0-A77A-2644FE3231C7}"
EndProject
Project("{FAE04EC0-301F-11D3-BF4B-00C04F79EFBC}") = "xeno rat client", "..\xeno rat client\xeno rat client.csproj", "{310FC5BE-6F5E-479C-A246-6093A39296C0}"
EndProject
Project("{2150E333-8FDC-42A3-9474-1A3956D46DE8}") = "Plugins", "Plugins", "{BECCEDD2-03F5-40E6-8157-81B538B34AC6}"
EndProject
Project("{FAE04EC0-301F-11D3-BF4B-00C04F79EFBC}") = "Chat", "..\Plugins\Chat\Chat.csproj", "{8B605B2E-AAD2-46FB-A348-27E3AABA4C9C}"
EndProject
Project("{FAE04EC0-301F-11D3-BF4B-00C04F79EFBC}") = "Hvnc", "..\Plugins\Hvnc\Hvnc.csproj", "{C346B912-51F2-4A2E-ACC3-0AC2D28920C6}"
EndProject
Project("{FAE04EC0-301F-11D3-BF4B-00C04F79EFBC}") = "ReverseProxy", "..\Plugins\ReverseProxy\ReverseProxy.csproj", "{D3E7005E-6C5B-47F3-A0B3-028C81C0C1ED}"
EndProject
Project("{FAE04EC0-301F-11D3-BF4B-00C04F79EFBC}") = "ProcessManager", "..\Plugins\ProcessManager\ProcessManager.csproj", "{9CCE5C71-14B4-4A08-958D-4E593975658B}"
EndProject
Project("{FAE04EC0-301F-11D3-BF4B-00C04F79EFBC}") = "File manager", "..\Plugins\File manager\File manager.csproj", "{13A59BB8-0246-4FFA-951B-89B9A341F159}"
EndProject
Project("{FAE04EC0-301F-11D3-BF4B-00C04F79EFBC}") = "Registry Manager", "..\Plugins\Registry Manager\Registry Manager.csproj", "{A9EAA820-EC72-4052-80D0-A2CCBFCC83E6}"
EndProject
Project("{FAE04EC0-301F-11D3-BF4B-00C04F79EFBC}") = "LiveMicrophone", "..\Plugins\LiveMicrophone\LiveMicrophone.csproj", "{8A15D28C-252A-4FCC-8BBD-BC3802C0320A}"
EndProject
Project("{FAE04EC0-301F-11D3-BF4B-00C04F79EFBC}") = "Shell", "..\Plugins\Shell\Shell.csproj", "{644AFE4A-2267-4DF9-A79D-B514FB31830E}"
EndProject
Project("{FAE04EC0-301F-11D3-BF4B-00C04F79EFBC}") = "WebCam", "..\Plugins\WebCam\WebCam.csproj", "{C373A937-312C-4C8D-BD04-BAAF568337E7}"
EndProject
Project("{FAE04EC0-301F-11D3-BF4B-00C04F79EFBC}") = "KeyLogger", "..\Plugins\KeyLogger\KeyLogger.csproj", "{F60C3246-D449-412B-A858-3B5E84494D1A}"
EndProject
Project("{FAE04EC0-301F-11D3-BF4B-00C04F79EFBC}") = "Uacbypass", "..\Plugins\Uacbypass\Uacbypass.csproj", "{A138FC2A-7BFF-4B3C-94A0-62A8BC01E8C0}"
EndProject
Project("{FAE04EC0-301F-11D3-BF4B-00C04F79EFBC}") = "ScreenControl", "..\Plugins\ScreenControl\ScreenControl.csproj", "{F61EEB46-5352-4349-B880-E4A0B38EC0DB}"
EndProject
Project("{FAE04EC0-301F-11D3-BF4B-00C04F79EFBC}") = "InfoGrab", "..\Plugins\PassGrab\InfoGrab.csproj", "{534D9A24-3138-4209-A4C6-6B9C1EF0B579}"
EndProject
Project("{FAE04EC0-301F-11D3-BF4B-00C04F79EFBC}") = "Fun", "..\Plugins\Fun\Fun.csproj", "{70795D10-8ADF-4A4D-A584-9AB1BBF40D4B}"
EndProject
Project("{FAE04EC0-301F-11D3-BF4B-00C04F79EFBC}") = "Startup", "..\Plugins\Startup\Startup.csproj", "{A64EF001-BE90-4CF5-86B2-22DFDB49AE81}"
EndProject
Project("{FAE04EC0-301F-11D3-BF4B-00C04F79EFBC}") = "SystemPower", "..\Plugins\System\SystemPower.csproj", "{8493D0F0-CA01-4C5A-A6E3-C0F427966ABD}"
EndProject
Project("{FAE04EC0-301F-11D3-BF4B-00C04F79EFBC}") = "KeyLoggerOffline", "..\Plugins\KeyLoggerOffline\KeyLoggerOffline.csproj", "{4F169EA5-8854-4258-9D2C-D44F37D88776}"
EndProject
Project("{2150E333-8FDC-42A3-9474-1A3956D46DE8}") = "Solution Items", "Solution Items", "{06120ADF-FD87-45F6-9955-5B55BF546963}"
	ProjectSection(SolutionItems) = preProject
		.editorconfig = .editorconfig
	EndProjectSection
EndProject
Global
	GlobalSection(SolutionConfigurationPlatforms) = preSolution
		Debug|Any CPU = Debug|Any CPU
		Release|Any CPU = Release|Any CPU
	EndGlobalSection
	GlobalSection(ProjectConfigurationPlatforms) = postSolution
		{06B2B14A-CE87-41C0-A77A-2644FE3231C7}.Debug|Any CPU.ActiveCfg = Debug|Any CPU
		{06B2B14A-CE87-41C0-A77A-2644FE3231C7}.Debug|Any CPU.Build.0 = Debug|Any CPU
		{06B2B14A-CE87-41C0-A77A-2644FE3231C7}.Release|Any CPU.ActiveCfg = Release|Any CPU
		{06B2B14A-CE87-41C0-A77A-2644FE3231C7}.Release|Any CPU.Build.0 = Release|Any CPU
		{310FC5BE-6F5E-479C-A246-6093A39296C0}.Debug|Any CPU.ActiveCfg = Debug|Any CPU
		{310FC5BE-6F5E-479C-A246-6093A39296C0}.Debug|Any CPU.Build.0 = Debug|Any CPU
		{310FC5BE-6F5E-479C-A246-6093A39296C0}.Release|Any CPU.ActiveCfg = Release|Any CPU
		{310FC5BE-6F5E-479C-A246-6093A39296C0}.Release|Any CPU.Build.0 = Release|Any CPU
		{8B605B2E-AAD2-46FB-A348-27E3AABA4C9C}.Debug|Any CPU.ActiveCfg = Debug|Any CPU
		{8B605B2E-AAD2-46FB-A348-27E3AABA4C9C}.Debug|Any CPU.Build.0 = Debug|Any CPU
		{8B605B2E-AAD2-46FB-A348-27E3AABA4C9C}.Release|Any CPU.ActiveCfg = Release|Any CPU
		{8B605B2E-AAD2-46FB-A348-27E3AABA4C9C}.Release|Any CPU.Build.0 = Release|Any CPU
		{C346B912-51F2-4A2E-ACC3-0AC2D28920C6}.Debug|Any CPU.ActiveCfg = Debug|Any CPU
		{C346B912-51F2-4A2E-ACC3-0AC2D28920C6}.Debug|Any CPU.Build.0 = Debug|Any CPU
		{C346B912-51F2-4A2E-ACC3-0AC2D28920C6}.Release|Any CPU.ActiveCfg = Release|Any CPU
		{C346B912-51F2-4A2E-ACC3-0AC2D28920C6}.Release|Any CPU.Build.0 = Release|Any CPU
		{D3E7005E-6C5B-47F3-A0B3-028C81C0C1ED}.Debug|Any CPU.ActiveCfg = Debug|Any CPU
		{D3E7005E-6C5B-47F3-A0B3-028C81C0C1ED}.Debug|Any CPU.Build.0 = Debug|Any CPU
		{D3E7005E-6C5B-47F3-A0B3-028C81C0C1ED}.Release|Any CPU.ActiveCfg = Release|Any CPU
		{D3E7005E-6C5B-47F3-A0B3-028C81C0C1ED}.Release|Any CPU.Build.0 = Release|Any CPU
		{9CCE5C71-14B4-4A08-958D-4E593975658B}.Debug|Any CPU.ActiveCfg = Debug|Any CPU
		{9CCE5C71-14B4-4A08-958D-4E593975658B}.Debug|Any CPU.Build.0 = Debug|Any CPU
		{9CCE5C71-14B4-4A08-958D-4E593975658B}.Release|Any CPU.ActiveCfg = Release|Any CPU
		{9CCE5C71-14B4-4A08-958D-4E593975658B}.Release|Any CPU.Build.0 = Release|Any CPU
		{13A59BB8-0246-4FFA-951B-89B9A341F159}.Debug|Any CPU.ActiveCfg = Debug|Any CPU
		{13A59BB8-0246-4FFA-951B-89B9A341F159}.Debug|Any CPU.Build.0 = Debug|Any CPU
		{13A59BB8-0246-4FFA-951B-89B9A341F159}.Release|Any CPU.ActiveCfg = Release|Any CPU
		{13A59BB8-0246-4FFA-951B-89B9A341F159}.Release|Any CPU.Build.0 = Release|Any CPU
		{A9EAA820-EC72-4052-80D0-A2CCBFCC83E6}.Debug|Any CPU.ActiveCfg = Debug|Any CPU
		{A9EAA820-EC72-4052-80D0-A2CCBFCC83E6}.Debug|Any CPU.Build.0 = Debug|Any CPU
		{A9EAA820-EC72-4052-80D0-A2CCBFCC83E6}.Release|Any CPU.ActiveCfg = Release|Any CPU
		{A9EAA820-EC72-4052-80D0-A2CCBFCC83E6}.Release|Any CPU.Build.0 = Release|Any CPU
		{8A15D28C-252A-4FCC-8BBD-BC3802C0320A}.Debug|Any CPU.ActiveCfg = Debug|Any CPU
		{8A15D28C-252A-4FCC-8BBD-BC3802C0320A}.Debug|Any CPU.Build.0 = Debug|Any CPU
		{8A15D28C-252A-4FCC-8BBD-BC3802C0320A}.Release|Any CPU.ActiveCfg = Release|Any CPU
		{8A15D28C-252A-4FCC-8BBD-BC3802C0320A}.Release|Any CPU.Build.0 = Release|Any CPU
		{644AFE4A-2267-4DF9-A79D-B514FB31830E}.Debug|Any CPU.ActiveCfg = Debug|Any CPU
		{644AFE4A-2267-4DF9-A79D-B514FB31830E}.Debug|Any CPU.Build.0 = Debug|Any CPU
		{644AFE4A-2267-4DF9-A79D-B514FB31830E}.Release|Any CPU.ActiveCfg = Release|Any CPU
		{644AFE4A-2267-4DF9-A79D-B514FB31830E}.Release|Any CPU.Build.0 = Release|Any CPU
		{C373A937-312C-4C8D-BD04-BAAF568337E7}.Debug|Any CPU.ActiveCfg = Debug|Any CPU
		{C373A937-312C-4C8D-BD04-BAAF568337E7}.Debug|Any CPU.Build.0 = Debug|Any CPU
		{C373A937-312C-4C8D-BD04-BAAF568337E7}.Release|Any CPU.ActiveCfg = Release|Any CPU
		{C373A937-312C-4C8D-BD04-BAAF568337E7}.Release|Any CPU.Build.0 = Release|Any CPU
		{F60C3246-D449-412B-A858-3B5E84494D1A}.Debug|Any CPU.ActiveCfg = Debug|Any CPU
		{F60C3246-D449-412B-A858-3B5E84494D1A}.Debug|Any CPU.Build.0 = Debug|Any CPU
		{F60C3246-D449-412B-A858-3B5E84494D1A}.Release|Any CPU.ActiveCfg = Release|Any CPU
		{F60C3246-D449-412B-A858-3B5E84494D1A}.Release|Any CPU.Build.0 = Release|Any CPU
		{A138FC2A-7BFF-4B3C-94A0-62A8BC01E8C0}.Debug|Any CPU.ActiveCfg = Debug|Any CPU
		{A138FC2A-7BFF-4B3C-94A0-62A8BC01E8C0}.Debug|Any CPU.Build.0 = Debug|Any CPU
		{A138FC2A-7BFF-4B3C-94A0-62A8BC01E8C0}.Release|Any CPU.ActiveCfg = Release|Any CPU
		{A138FC2A-7BFF-4B3C-94A0-62A8BC01E8C0}.Release|Any CPU.Build.0 = Release|Any CPU
		{F61EEB46-5352-4349-B880-E4A0B38EC0DB}.Debug|Any CPU.ActiveCfg = Debug|Any CPU
		{F61EEB46-5352-4349-B880-E4A0B38EC0DB}.Debug|Any CPU.Build.0 = Debug|Any CPU
		{F61EEB46-5352-4349-B880-E4A0B38EC0DB}.Release|Any CPU.ActiveCfg = Release|Any CPU
		{F61EEB46-5352-4349-B880-E4A0B38EC0DB}.Release|Any CPU.Build.0 = Release|Any CPU
		{534D9A24-3138-4209-A4C6-6B9C1EF0B579}.Debug|Any CPU.ActiveCfg = Debug|Any CPU
		{534D9A24-3138-4209-A4C6-6B9C1EF0B579}.Debug|Any CPU.Build.0 = Debug|Any CPU
		{534D9A24-3138-4209-A4C6-6B9C1EF0B579}.Release|Any CPU.ActiveCfg = Release|Any CPU
		{534D9A24-3138-4209-A4C6-6B9C1EF0B579}.Release|Any CPU.Build.0 = Release|Any CPU
		{70795D10-8ADF-4A4D-A584-9AB1BBF40D4B}.Debug|Any CPU.ActiveCfg = Debug|Any CPU
		{70795D10-8ADF-4A4D-A584-9AB1BBF40D4B}.Debug|Any CPU.Build.0 = Debug|Any CPU
		{70795D10-8ADF-4A4D-A584-9AB1BBF40D4B}.Release|Any CPU.ActiveCfg = Release|Any CPU
		{70795D10-8ADF-4A4D-A584-9AB1BBF40D4B}.Release|Any CPU.Build.0 = Release|Any CPU
		{A64EF001-BE90-4CF5-86B2-22DFDB49AE81}.Debug|Any CPU.ActiveCfg = Debug|Any CPU
		{A64EF001-BE90-4CF5-86B2-22DFDB49AE81}.Debug|Any CPU.Build.0 = Debug|Any CPU
		{A64EF001-BE90-4CF5-86B2-22DFDB49AE81}.Release|Any CPU.ActiveCfg = Release|Any CPU
		{A64EF001-BE90-4CF5-86B2-22DFDB49AE81}.Release|Any CPU.Build.0 = Release|Any CPU
		{8493D0F0-CA01-4C5A-A6E3-C0F427966ABD}.Debug|Any CPU.ActiveCfg = Debug|Any CPU
		{8493D0F0-CA01-4C5A-A6E3-C0F427966ABD}.Debug|Any CPU.Build.0 = Debug|Any CPU
		{8493D0F0-CA01-4C5A-A6E3-C0F427966ABD}.Release|Any CPU.ActiveCfg = Release|Any CPU
		{8493D0F0-CA01-4C5A-A6E3-C0F427966ABD}.Release|Any CPU.Build.0 = Release|Any CPU
		{4F169EA5-8854-4258-9D2C-D44F37D88776}.Debug|Any CPU.ActiveCfg = Debug|Any CPU
		{4F169EA5-8854-4258-9D2C-D44F37D88776}.Debug|Any CPU.Build.0 = Debug|Any CPU
		{4F169EA5-8854-4258-9D2C-D44F37D88776}.Release|Any CPU.ActiveCfg = Release|Any CPU
		{4F169EA5-8854-4258-9D2C-D44F37D88776}.Release|Any CPU.Build.0 = Release|Any CPU
	EndGlobalSection
	GlobalSection(SolutionProperties) = preSolution
		HideSolutionNode = FALSE
	EndGlobalSection
	GlobalSection(NestedProjects) = preSolution
		{8B605B2E-AAD2-46FB-A348-27E3AABA4C9C} = {BECCEDD2-03F5-40E6-8157-81B538B34AC6}
		{C346B912-51F2-4A2E-ACC3-0AC2D28920C6} = {BECCEDD2-03F5-40E6-8157-81B538B34AC6}
		{D3E7005E-6C5B-47F3-A0B3-028C81C0C1ED} = {BECCEDD2-03F5-40E6-8157-81B538B34AC6}
		{9CCE5C71-14B4-4A08-958D-4E593975658B} = {BECCEDD2-03F5-40E6-8157-81B538B34AC6}
		{13A59BB8-0246-4FFA-951B-89B9A341F159} = {BECCEDD2-03F5-40E6-8157-81B538B34AC6}
		{A9EAA820-EC72-4052-80D0-A2CCBFCC83E6} = {BECCEDD2-03F5-40E6-8157-81B538B34AC6}
		{8A15D28C-252A-4FCC-8BBD-BC3802C0320A} = {BECCEDD2-03F5-40E6-8157-81B538B34AC6}
		{644AFE4A-2267-4DF9-A79D-B514FB31830E} = {BECCEDD2-03F5-40E6-8157-81B538B34AC6}
		{C373A937-312C-4C8D-BD04-BAAF568337E7} = {BECCEDD2-03F5-40E6-8157-81B538B34AC6}
		{F60C3246-D449-412B-A858-3B5E84494D1A} = {BECCEDD2-03F5-40E6-8157-81B538B34AC6}
		{A138FC2A-7BFF-4B3C-94A0-62A8BC01E8C0} = {BECCEDD2-03F5-40E6-8157-81B538B34AC6}
		{F61EEB46-5352-4349-B880-E4A0B38EC0DB} = {BECCEDD2-03F5-40E6-8157-81B538B34AC6}
		{534D9A24-3138-4209-A4C6-6B9C1EF0B579} = {BECCEDD2-03F5-40E6-8157-81B538B34AC6}
		{70795D10-8ADF-4A4D-A584-9AB1BBF40D4B} = {BECCEDD2-03F5-40E6-8157-81B538B34AC6}
		{A64EF001-BE90-4CF5-86B2-22DFDB49AE81} = {BECCEDD2-03F5-40E6-8157-81B538B34AC6}
		{8493D0F0-CA01-4C5A-A6E3-C0F427966ABD} = {BECCEDD2-03F5-40E6-8157-81B538B34AC6}
		{4F169EA5-8854-4258-9D2C-D44F37D88776} = {BECCEDD2-03F5-40E6-8157-81B538B34AC6}
	EndGlobalSection
	GlobalSection(ExtensibilityGlobals) = postSolution
		SolutionGuid = {CC888D89-D203-468D-90A1-083853D75694}
	EndGlobalSection
EndGlobal
